// !$*UTF8*$!
{
	archiveVersion = 1;
	classes = {
	};
	objectVersion = 50;
	objects = {

/* Begin PBXBuildFile section */
		2E399EAF28576BAE00EADDA4 /* aeroporto.swift in Sources */ = {isa = PBXBuildFile; fileRef = 2E399EAE28576BAE00EADDA4 /* aeroporto.swift */; };
		2E6825FE28573D26002CB737 /* main.swift in Sources */ = {isa = PBXBuildFile; fileRef = 2E6825FD28573D26002CB737 /* main.swift */; };
		2E68260528573D7A002CB737 /* persona.swift in Sources */ = {isa = PBXBuildFile; fileRef = 2E68260428573D7A002CB737 /* persona.swift */; };
		2E68260728573F5F002CB737 /* capitano.swift in Sources */ = {isa = PBXBuildFile; fileRef = 2E68260628573F5F002CB737 /* capitano.swift */; };
		2E682609285744FF002CB737 /* personale.swift in Sources */ = {isa = PBXBuildFile; fileRef = 2E682608285744FF002CB737 /* personale.swift */; };
		2E68260B2857483E002CB737 /* passeggero.swift in Sources */ = {isa = PBXBuildFile; fileRef = 2E68260A2857483E002CB737 /* passeggero.swift */; };
		2E68260D28574AE4002CB737 /* aeroplano.swift in Sources */ = {isa = PBXBuildFile; fileRef = 2E68260C28574AE4002CB737 /* aeroplano.swift */; };
/* End PBXBuildFile section */

/* Begin PBXCopyFilesBuildPhase section */
		2E6825F828573D26002CB737 /* CopyFiles */ = {
			isa = PBXCopyFilesBuildPhase;
			buildActionMask = 2147483647;
			dstPath = /usr/share/man/man1/;
			dstSubfolderSpec = 0;
			files = (
			);
			runOnlyForDeploymentPostprocessing = 1;
		};
/* End PBXCopyFilesBuildPhase section */

/* Begin PBXFileReference section */
		2E399EAE28576BAE00EADDA4 /* aeroporto.swift */ = {isa = PBXFileReference; lastKnownFileType = sourcecode.swift; path = aeroporto.swift; sourceTree = "<group>"; };
		2E6825FA28573D26002CB737 /* SistemaAeroportoSwift */ = {isa = PBXFileReference; explicitFileType = "compiled.mach-o.executable"; includeInIndex = 0; path = SistemaAeroportoSwift; sourceTree = BUILT_PRODUCTS_DIR; };
		2E6825FD28573D26002CB737 /* main.swift */ = {isa = PBXFileReference; lastKnownFileType = sourcecode.swift; path = main.swift; sourceTree = "<group>"; };
		2E68260428573D7A002CB737 /* persona.swift */ = {isa = PBXFileReference; lastKnownFileType = sourcecode.swift; path = persona.swift; sourceTree = "<group>"; };
		2E68260628573F5F002CB737 /* capitano.swift */ = {isa = PBXFileReference; lastKnownFileType = sourcecode.swift; path = capitano.swift; sourceTree = "<group>"; };
		2E682608285744FF002CB737 /* personale.swift */ = {isa = PBXFileReference; lastKnownFileType = sourcecode.swift; path = personale.swift; sourceTree = "<group>"; };
		2E68260A2857483E002CB737 /* passeggero.swift */ = {isa = PBXFileReference; lastKnownFileType = sourcecode.swift; path = passeggero.swift; sourceTree = "<group>"; };
		2E68260C28574AE4002CB737 /* aeroplano.swift */ = {isa = PBXFileReference; lastKnownFileType = sourcecode.swift; path = aeroplano.swift; sourceTree = "<group>"; };
/* End PBXFileReference section */

/* Begin PBXFrameworksBuildPhase section */
		2E6825F728573D26002CB737 /* Frameworks */ = {
			isa = PBXFrameworksBuildPhase;
			buildActionMask = 2147483647;
			files = (
			);
			runOnlyForDeploymentPostprocessing = 0;
		};
/* End PBXFrameworksBuildPhase section */

/* Begin PBXGroup section */
		2E6825F128573D26002CB737 = {
			isa = PBXGroup;
			children = (
				2E6825FC28573D26002CB737 /* SistemaAeroportoSwift */,
				2E6825FB28573D26002CB737 /* Products */,
			);
			sourceTree = "<group>";
		};
		2E6825FB28573D26002CB737 /* Products */ = {
			isa = PBXGroup;
			children = (
				2E6825FA28573D26002CB737 /* SistemaAeroportoSwift */,
			);
			name = Products;
			sourceTree = "<group>";
		};
		2E6825FC28573D26002CB737 /* SistemaAeroportoSwift */ = {
			isa = PBXGroup;
			children = (
				2E6825FD28573D26002CB737 /* main.swift */,
				2E68260428573D7A002CB737 /* persona.swift */,
				2E682608285744FF002CB737 /* personale.swift */,
				2E68260A2857483E002CB737 /* passeggero.swift */,
				2E68260C28574AE4002CB737 /* aeroplano.swift */,
				2E399EAE28576BAE00EADDA4 /* aeroporto.swift */,
				2E68260628573F5F002CB737 /* capitano.swift */,
			);
			path = SistemaAeroportoSwift;
			sourceTree = "<group>";
		};
/* End PBXGroup section */

/* Begin PBXNativeTarget section */
		2E6825F928573D26002CB737 /* SistemaAeroportoSwift */ = {
			isa = PBXNativeTarget;
			buildConfigurationList = 2E68260128573D26002CB737 /* Build configuration list for PBXNativeTarget "SistemaAeroportoSwift" */;
			buildPhases = (
				2E6825F628573D26002CB737 /* Sources */,
				2E6825F728573D26002CB737 /* Frameworks */,
				2E6825F828573D26002CB737 /* CopyFiles */,
			);
			buildRules = (
			);
			dependencies = (
			);
			name = SistemaAeroportoSwift;
			productName = SistemaAeroportoSwift;
			productReference = 2E6825FA28573D26002CB737 /* SistemaAeroportoSwift */;
			productType = "com.apple.product-type.tool";
		};
/* End PBXNativeTarget section */

/* Begin PBXProject section */
		2E6825F228573D26002CB737 /* Project object */ = {
			isa = PBXProject;
			attributes = {
				LastSwiftUpdateCheck = 1010;
				LastUpgradeCheck = 1010;
				ORGANIZATIONNAME = mr;
				TargetAttributes = {
					2E6825F928573D26002CB737 = {
						CreatedOnToolsVersion = 10.1;
					};
				};
			};
			buildConfigurationList = 2E6825F528573D26002CB737 /* Build configuration list for PBXProject "SistemaAeroportoSwift" */;
			compatibilityVersion = "Xcode 9.3";
			developmentRegion = en;
			hasScannedForEncodings = 0;
			knownRegions = (
				en,
			);
			mainGroup = 2E6825F128573D26002CB737;
			productRefGroup = 2E6825FB28573D26002CB737 /* Products */;
			projectDirPath = "";
			projectRoot = "";
			targets = (
				2E6825F928573D26002CB737 /* SistemaAeroportoSwift */,
			);
		};
/* End PBXProject section */

/* Begin PBXSourcesBuildPhase section */
		2E6825F628573D26002CB737 /* Sources */ = {
			isa = PBXSourcesBuildPhase;
			buildActionMask = 2147483647;
			files = (
				2E68260528573D7A002CB737 /* persona.swift in Sources */,
				2E68260D28574AE4002CB737 /* aeroplano.swift in Sources */,
				2E68260728573F5F002CB737 /* capitano.swift in Sources */,
				2E399EAF28576BAE00EADDA4 /* aeroporto.swift in Sources */,
				2E6825FE28573D26002CB737 /* main.swift in Sources */,
				2E682609285744FF002CB737 /* personale.swift in Sources */,
				2E68260B2857483E002CB737 /* passeggero.swift in Sources */,
			);
			runOnlyForDeploymentPostprocessing = 0;
		};
/* End PBXSourcesBuildPhase section */

/* Begin XCBuildConfiguration section */
		2E6825FF28573D26002CB737 /* Debug */ = {
			isa = XCBuildConfiguration;
			buildSettings = {
				ALWAYS_SEARCH_USER_PATHS = NO;
				CLANG_ANALYZER_NONNULL = YES;
				CLANG_ANALYZER_NUMBER_OBJECT_CONVERSION = YES_AGGRESSIVE;
				CLANG_CXX_LANGUAGE_STANDARD = "gnu++14";
				CLANG_CXX_LIBRARY = "libc++";
				CLANG_ENABLE_MODULES = YES;
				CLANG_ENABLE_OBJC_ARC = YES;
				CLANG_ENABLE_OBJC_WEAK = YES;
				CLANG_WARN_BLOCK_CAPTURE_AUTORELEASING = YES;
				CLANG_WARN_BOOL_CONVERSION = YES;
				CLANG_WARN_COMMA = YES;
				CLANG_WARN_CONSTANT_CONVERSION = YES;
				CLANG_WARN_DEPRECATED_OBJC_IMPLEMENTATIONS = YES;
				CLANG_WARN_DIRECT_OBJC_ISA_USAGE = YES_ERROR;
				CLANG_WARN_DOCUMENTATION_COMMENTS = YES;
				CLANG_WARN_EMPTY_BODY = YES;
				CLANG_WARN_ENUM_CONVERSION = YES;
				CLANG_WARN_INFINITE_RECURSION = YES;
				CLANG_WARN_INT_CONVERSION = YES;
				CLANG_WARN_NON_LITERAL_NULL_CONVERSION = YES;
				CLANG_WARN_OBJC_IMPLICIT_RETAIN_SELF = YES;
				CLANG_WARN_OBJC_LITERAL_CONVERSION = YES;
				CLANG_WARN_OBJC_ROOT_CLASS = YES_ERROR;
				CLANG_WARN_RANGE_LOOP_ANALYSIS = YES;
				CLANG_WARN_STRICT_PROTOTYPES = YES;
				CLANG_WARN_SUSPICIOUS_MOVE = YES;
				CLANG_WARN_UNGUARDED_AVAILABILITY = YES_AGGRESSIVE;
				CLANG_WARN_UNREACHABLE_CODE = YES;
				CLANG_WARN__DUPLICATE_METHOD_MATCH = YES;
				CODE_SIGN_IDENTITY = "-";
				COPY_PHASE_STRIP = NO;
				DEBUG_INFORMATION_FORMAT = dwarf;
				ENABLE_STRICT_OBJC_MSGSEND = YES;
				ENABLE_TESTABILITY = YES;
				GCC_C_LANGUAGE_STANDARD = gnu11;
				GCC_DYNAMIC_NO_PIC = NO;
				GCC_NO_COMMON_BLOCKS = YES;
				GCC_OPTIMIZATION_LEVEL = 0;
				GCC_PREPROCESSOR_DEFINITIONS = (
					"DEBUG=1",
					"$(inherited)",
				);
				GCC_WARN_64_TO_32_BIT_CONVERSION = YES;
				GCC_WARN_ABOUT_RETURN_TYPE = YES_ERROR;
				GCC_WARN_UNDECLARED_SELECTOR = YES;
				GCC_WARN_UNINITIALIZED_AUTOS = YES_AGGRESSIVE;
				GCC_WARN_UNUSED_FUNCTION = YES;
				GCC_WARN_UNUSED_VARIABLE = YES;
				MACOSX_DEPLOYMENT_TARGET = 10.13;
				MTL_ENABLE_DEBUG_INFO = INCLUDE_SOURCE;
				MTL_FAST_MATH = YES;
				ONLY_ACTIVE_ARCH = YES;
				SDKROOT = macosx;
				SWIFT_ACTIVE_COMPILATION_CONDITIONS = DEBUG;
				SWIFT_OPTIMIZATION_LEVEL = "-Onone";
			};
			name = Debug;
		};
		2E68260028573D26002CB737 /* Release */ = {
			isa = XCBuildConfiguration;
			buildSettings = {
				ALWAYS_SEARCH_USER_PATHS = NO;
				CLANG_ANALYZER_NONNULL = YES;
				CLANG_ANALYZER_NUMBER_OBJECT_CONVERSION = YES_AGGRESSIVE;
				CLANG_CXX_LANGUAGE_STANDARD = "gnu++14";
				CLANG_CXX_LIBRARY = "libc++";
				CLANG_ENABLE_MODULES = YES;
				CLANG_ENABLE_OBJC_ARC = YES;
				CLANG_ENABLE_OBJC_WEAK = YES;
				CLANG_WARN_BLOCK_CAPTURE_AUTORELEASING = YES;
				CLANG_WARN_BOOL_CONVERSION = YES;
				CLANG_WARN_COMMA = YES;
				CLANG_WARN_CONSTANT_CONVERSION = YES;
				CLANG_WARN_DEPRECATED_OBJC_IMPLEMENTATIONS = YES;
				CLANG_WARN_DIRECT_OBJC_ISA_USAGE = YES_ERROR;
				CLANG_WARN_DOCUMENTATION_COMMENTS = YES;
				CLANG_WARN_EMPTY_BODY = YES;
				CLANG_WARN_ENUM_CONVERSION = YES;
				CLANG_WARN_INFINITE_RECURSION = YES;
				CLANG_WARN_INT_CONVERSION = YES;
				CLANG_WARN_NON_LITERAL_NULL_CONVERSION = YES;
				CLANG_WARN_OBJC_IMPLICIT_RETAIN_SELF = YES;
				CLANG_WARN_OBJC_LITERAL_CONVERSION = YES;
				CLANG_WARN_OBJC_ROOT_CLASS = YES_ERROR;
				CLANG_WARN_RANGE_LOOP_ANALYSIS = YES;
				CLANG_WARN_STRICT_PROTOTYPES = YES;
				CLANG_WARN_SUSPICIOUS_MOVE = YES;
				CLANG_WARN_UNGUARDED_AVAILABILITY = YES_AGGRESSIVE;
				CLANG_WARN_UNREACHABLE_CODE = YES;
				CLANG_WARN__DUPLICATE_METHOD_MATCH = YES;
				CODE_SIGN_IDENTITY = "-";
				COPY_PHASE_STRIP = NO;
				DEBUG_INFORMATION_FORMAT = "dwarf-with-dsym";
				ENABLE_NS_ASSERTIONS = NO;
				ENABLE_STRICT_OBJC_MSGSEND = YES;
				GCC_C_LANGUAGE_STANDARD = gnu11;
				GCC_NO_COMMON_BLOCKS = YES;
				GCC_WARN_64_TO_32_BIT_CONVERSION = YES;
				GCC_WARN_ABOUT_RETURN_TYPE = YES_ERROR;
				GCC_WARN_UNDECLARED_SELECTOR = YES;
				GCC_WARN_UNINITIALIZED_AUTOS = YES_AGGRESSIVE;
				GCC_WARN_UNUSED_FUNCTION = YES;
				GCC_WARN_UNUSED_VARIABLE = YES;
				MACOSX_DEPLOYMENT_TARGET = 10.13;
				MTL_ENABLE_DEBUG_INFO = NO;
				MTL_FAST_MATH = YES;
				SDKROOT = macosx;
				SWIFT_COMPILATION_MODE = wholemodule;
				SWIFT_OPTIMIZATION_LEVEL = "-O";
			};
			name = Release;
		};
		2E68260228573D26002CB737 /* Debug */ = {
			isa = XCBuildConfiguration;
			buildSettings = {
				CODE_SIGN_STYLE = Automatic;
				PRODUCT_NAME = "$(TARGET_NAME)";
				SWIFT_VERSION = 4.2;
			};
			name = Debug;
		};
		2E68260328573D26002CB737 /* Release */ = {
			isa = XCBuildConfiguration;
			buildSettings = {
				CODE_SIGN_STYLE = Automatic;
				PRODUCT_NAME = "$(TARGET_NAME)";
				SWIFT_VERSION = 4.2;
			};
			name = Release;
		};
/* End XCBuildConfiguration section */

/* Begin XCConfigurationList section */
		2E6825F528573D26002CB737 /* Build configuration list for PBXProject "SistemaAeroportoSwift" */ = {
			isa = XCConfigurationList;
			buildConfigurations = (
				2E6825FF28573D26002CB737 /* Debug */,
				2E68260028573D26002CB737 /* Release */,
			);
			defaultConfigurationIsVisible = 0;
			defaultConfigurationName = Release;
		};
		2E68260128573D26002CB737 /* Build configuration list for PBXNativeTarget "SistemaAeroportoSwift" */ = {
			isa = XCConfigurationList;
			buildConfigurations = (
				2E68260228573D26002CB737 /* Debug */,
				2E68260328573D26002CB737 /* Release */,
			);
			defaultConfigurationIsVisible = 0;
			defaultConfigurationName = Release;
		};
/* End XCConfigurationList section */
	};
	rootObject = 2E6825F228573D26002CB737 /* Project object */;
}
